// !$*UTF8*$!
{
	archiveVersion = 1;
	classes = {
	};
	objectVersion = 46;
	objects = {

/* Begin PBXBuildFile section */
		070A37DF1C950B2A0021919E /* TrainWithLinkingProject.xcdatamodeld in Sources */ = {isa = PBXBuildFile; fileRef = 070A37DD1C950B2A0021919E /* TrainWithLinkingProject.xcdatamodeld */; };
		070A37F21C950FCF0021919E /* ViewController.swift in Sources */ = {isa = PBXBuildFile; fileRef = 070A37F11C950FCF0021919E /* ViewController.swift */; };
		070A37F41C9510080021919E /* Main.storyboard in Resources */ = {isa = PBXBuildFile; fileRef = 070A37F31C9510080021919E /* Main.storyboard */; };
		070A37F61C9510240021919E /* LaunchScreen.storyboard in Resources */ = {isa = PBXBuildFile; fileRef = 070A37F51C9510240021919E /* LaunchScreen.storyboard */; };
		070A37FB1C95111A0021919E /* AppDelegate.swift in Sources */ = {isa = PBXBuildFile; fileRef = 070A37FA1C95111A0021919E /* AppDelegate.swift */; };
		070A38021C9E793B0021919E /* LinkingLibrary.framework in Frameworks */ = {isa = PBXBuildFile; fileRef = 070A37F71C95103A0021919E /* LinkingLibrary.framework */; };
		070A38031C9E793B0021919E /* LinkingLibrary.framework in Embed Frameworks */ = {isa = PBXBuildFile; fileRef = 070A37F71C95103A0021919E /* LinkingLibrary.framework */; settings = {ATTRIBUTES = (CodeSignOnCopy, RemoveHeadersOnCopy, ); }; };
		070A38131CA4C9280021919E /* onBoarding.storyboard in Resources */ = {isa = PBXBuildFile; fileRef = 070A38111CA4C9280021919E /* onBoarding.storyboard */; };
		070A38141CA4C9280021919E /* Registration.storyboard in Resources */ = {isa = PBXBuildFile; fileRef = 070A38121CA4C9280021919E /* Registration.storyboard */; };
		070A38171CA4C9350021919E /* BWWalkthroughPageViewController.swift in Sources */ = {isa = PBXBuildFile; fileRef = 070A38151CA4C9350021919E /* BWWalkthroughPageViewController.swift */; };
		070A38181CA4C9350021919E /* BWWalkthroughViewController.swift in Sources */ = {isa = PBXBuildFile; fileRef = 070A38161CA4C9350021919E /* BWWalkthroughViewController.swift */; };
		070A381A1CA4CD320021919E /* TurtorialViewController.swift in Sources */ = {isa = PBXBuildFile; fileRef = 070A38191CA4CD320021919E /* TurtorialViewController.swift */; };
		070A381C1CA4DD210021919E /* LeadRegistrationViewController.swift in Sources */ = {isa = PBXBuildFile; fileRef = 070A381B1CA4DD210021919E /* LeadRegistrationViewController.swift */; };
		070A381E1CA4E34D0021919E /* RegistrationPrefecture.swift in Sources */ = {isa = PBXBuildFile; fileRef = 070A381D1CA4E34D0021919E /* RegistrationPrefecture.swift */; };
		070A38201CA535BE0021919E /* RegisterCitizenViewController.swift in Sources */ = {isa = PBXBuildFile; fileRef = 070A381F1CA535BE0021919E /* RegisterCitizenViewController.swift */; };
/* End PBXBuildFile section */

/* Begin PBXCopyFilesBuildPhase section */
		070A38041C9E793B0021919E /* Embed Frameworks */ = {
			isa = PBXCopyFilesBuildPhase;
			buildActionMask = 2147483647;
			dstPath = "";
			dstSubfolderSpec = 10;
			files = (
				070A38031C9E793B0021919E /* LinkingLibrary.framework in Embed Frameworks */,
			);
			name = "Embed Frameworks";
			runOnlyForDeploymentPostprocessing = 0;
		};
/* End PBXCopyFilesBuildPhase section */

/* Begin PBXFileReference section */
		070A37D31C950B2A0021919E /* TrainWithLinkingProject.app */ = {isa = PBXFileReference; explicitFileType = wrapper.application; includeInIndex = 0; path = TrainWithLinkingProject.app; sourceTree = BUILT_PRODUCTS_DIR; };
		070A37DE1C950B2A0021919E /* TrainWithLinkingProject.xcdatamodel */ = {isa = PBXFileReference; lastKnownFileType = wrapper.xcdatamodel; path = TrainWithLinkingProject.xcdatamodel; sourceTree = "<group>"; };
		070A37F11C950FCF0021919E /* ViewController.swift */ = {isa = PBXFileReference; fileEncoding = 4; lastKnownFileType = sourcecode.swift; name = ViewController.swift; path = ViewController/ViewController.swift; sourceTree = "<group>"; };
		070A37F31C9510080021919E /* Main.storyboard */ = {isa = PBXFileReference; fileEncoding = 4; lastKnownFileType = file.storyboard; name = Main.storyboard; path = Views/Main.storyboard; sourceTree = "<group>"; };
		070A37F51C9510240021919E /* LaunchScreen.storyboard */ = {isa = PBXFileReference; fileEncoding = 4; lastKnownFileType = file.storyboard; name = LaunchScreen.storyboard; path = Views/LaunchScreen.storyboard; sourceTree = "<group>"; };
		070A37F71C95103A0021919E /* LinkingLibrary.framework */ = {isa = PBXFileReference; lastKnownFileType = wrapper.framework; name = LinkingLibrary.framework; path = Library/LinkingLibrary.framework; sourceTree = "<group>"; };
		070A37FA1C95111A0021919E /* AppDelegate.swift */ = {isa = PBXFileReference; fileEncoding = 4; lastKnownFileType = sourcecode.swift; name = AppDelegate.swift; path = Setting/AppDelegate.swift; sourceTree = "<group>"; };
		070A37FC1C9511690021919E /* Info.plist */ = {isa = PBXFileReference; fileEncoding = 4; lastKnownFileType = text.plist.xml; name = Info.plist; path = Setting/Info.plist; sourceTree = "<group>"; };
		070A37FD1C9511690021919E /* TrainWithLinkingProject-Bridging-Header.h */ = {isa = PBXFileReference; fileEncoding = 4; lastKnownFileType = sourcecode.c.h; name = "TrainWithLinkingProject-Bridging-Header.h"; path = "Setting/TrainWithLinkingProject-Bridging-Header.h"; sourceTree = "<group>"; };
		070A38111CA4C9280021919E /* onBoarding.storyboard */ = {isa = PBXFileReference; fileEncoding = 4; lastKnownFileType = file.storyboard; name = onBoarding.storyboard; path = Views/onBoarding.storyboard; sourceTree = "<group>"; };
		070A38121CA4C9280021919E /* Registration.storyboard */ = {isa = PBXFileReference; fileEncoding = 4; lastKnownFileType = file.storyboard; name = Registration.storyboard; path = Views/Registration.storyboard; sourceTree = "<group>"; };
		070A38151CA4C9350021919E /* BWWalkthroughPageViewController.swift */ = {isa = PBXFileReference; fileEncoding = 4; lastKnownFileType = sourcecode.swift; name = BWWalkthroughPageViewController.swift; path = Setting/BWWalkthroughPageViewController.swift; sourceTree = "<group>"; };
		070A38161CA4C9350021919E /* BWWalkthroughViewController.swift */ = {isa = PBXFileReference; fileEncoding = 4; lastKnownFileType = sourcecode.swift; name = BWWalkthroughViewController.swift; path = Setting/BWWalkthroughViewController.swift; sourceTree = "<group>"; };
		070A38191CA4CD320021919E /* TurtorialViewController.swift */ = {isa = PBXFileReference; fileEncoding = 4; lastKnownFileType = sourcecode.swift; name = TurtorialViewController.swift; path = ViewController/TurtorialViewController.swift; sourceTree = "<group>"; };
		070A381B1CA4DD210021919E /* LeadRegistrationViewController.swift */ = {isa = PBXFileReference; fileEncoding = 4; lastKnownFileType = sourcecode.swift; name = LeadRegistrationViewController.swift; path = ViewController/LeadRegistrationViewController.swift; sourceTree = "<group>"; };
		070A381D1CA4E34D0021919E /* RegistrationPrefecture.swift */ = {isa = PBXFileReference; fileEncoding = 4; lastKnownFileType = sourcecode.swift; name = RegistrationPrefecture.swift; path = ViewController/RegistrationPrefecture.swift; sourceTree = "<group>"; };
		070A381F1CA535BE0021919E /* RegisterCitizenViewController.swift */ = {isa = PBXFileReference; fileEncoding = 4; lastKnownFileType = sourcecode.swift; name = RegisterCitizenViewController.swift; path = ViewController/RegisterCitizenViewController.swift; sourceTree = "<group>"; };
/* End PBXFileReference section */

/* Begin PBXFrameworksBuildPhase section */
		070A37D01C950B2A0021919E /* Frameworks */ = {
			isa = PBXFrameworksBuildPhase;
			buildActionMask = 2147483647;
			files = (
				070A38021C9E793B0021919E /* LinkingLibrary.framework in Frameworks */,
			);
			runOnlyForDeploymentPostprocessing = 0;
		};
/* End PBXFrameworksBuildPhase section */

/* Begin PBXGroup section */
		070A37CA1C950B2A0021919E = {
			isa = PBXGroup;
			children = (
				070A37D51C950B2A0021919E /* TrainWithLinkingProject */,
				070A37D41C950B2A0021919E /* Products */,
			);
			sourceTree = "<group>";
		};
		070A37D41C950B2A0021919E /* Products */ = {
			isa = PBXGroup;
			children = (
				070A37D31C950B2A0021919E /* TrainWithLinkingProject.app */,
			);
			name = Products;
			sourceTree = "<group>";
		};
		070A37D51C950B2A0021919E /* TrainWithLinkingProject */ = {
			isa = PBXGroup;
			children = (
				070A37FF1C957D0B0021919E /* Resource */,
				070A37F91C9510F80021919E /* Settings */,
				070A37F01C950E460021919E /* Views */,
				070A37EF1C950E210021919E /* ViewController */,
				070A37EE1C950E170021919E /* Library */,
				070A37DD1C950B2A0021919E /* TrainWithLinkingProject.xcdatamodeld */,
			);
			path = TrainWithLinkingProject;
			sourceTree = "<group>";
		};
		070A37EE1C950E170021919E /* Library */ = {
			isa = PBXGroup;
			children = (
				070A37F71C95103A0021919E /* LinkingLibrary.framework */,
			);
			name = Library;
			sourceTree = "<group>";
		};
		070A37EF1C950E210021919E /* ViewController */ = {
			isa = PBXGroup;
			children = (
				070A37F11C950FCF0021919E /* ViewController.swift */,
				070A38191CA4CD320021919E /* TurtorialViewController.swift */,
				070A381B1CA4DD210021919E /* LeadRegistrationViewController.swift */,
				070A381D1CA4E34D0021919E /* RegistrationPrefecture.swift */,
				070A381F1CA535BE0021919E /* RegisterCitizenViewController.swift */,
			);
			name = ViewController;
			sourceTree = "<group>";
		};
		070A37F01C950E460021919E /* Views */ = {
			isa = PBXGroup;
			children = (
				070A38111CA4C9280021919E /* onBoarding.storyboard */,
				070A38121CA4C9280021919E /* Registration.storyboard */,
				070A37F51C9510240021919E /* LaunchScreen.storyboard */,
				070A37F31C9510080021919E /* Main.storyboard */,
			);
			name = Views;
			sourceTree = "<group>";
		};
		070A37F91C9510F80021919E /* Settings */ = {
			isa = PBXGroup;
			children = (
				070A38151CA4C9350021919E /* BWWalkthroughPageViewController.swift */,
				070A38161CA4C9350021919E /* BWWalkthroughViewController.swift */,
				070A37FC1C9511690021919E /* Info.plist */,
				070A37FD1C9511690021919E /* TrainWithLinkingProject-Bridging-Header.h */,
				070A37FA1C95111A0021919E /* AppDelegate.swift */,
			);
			name = Settings;
			sourceTree = "<group>";
		};
		070A37FF1C957D0B0021919E /* Resource */ = {
			isa = PBXGroup;
			children = (
			);
			name = Resource;
			sourceTree = "<group>";
		};
/* End PBXGroup section */

/* Begin PBXNativeTarget section */
		070A37D21C950B2A0021919E /* TrainWithLinkingProject */ = {
			isa = PBXNativeTarget;
			buildConfigurationList = 070A37E81C950B2A0021919E /* Build configuration list for PBXNativeTarget "TrainWithLinkingProject" */;
			buildPhases = (
				070A37CF1C950B2A0021919E /* Sources */,
				070A37D01C950B2A0021919E /* Frameworks */,
				070A37D11C950B2A0021919E /* Resources */,
				070A38041C9E793B0021919E /* Embed Frameworks */,
			);
			buildRules = (
			);
			dependencies = (
			);
			name = TrainWithLinkingProject;
			productName = TrainWithLinkingProject;
			productReference = 070A37D31C950B2A0021919E /* TrainWithLinkingProject.app */;
			productType = "com.apple.product-type.application";
		};
/* End PBXNativeTarget section */

/* Begin PBXProject section */
		070A37CB1C950B2A0021919E /* Project object */ = {
			isa = PBXProject;
			attributes = {
				LastSwiftUpdateCheck = 0720;
				LastUpgradeCheck = 0720;
				ORGANIZATIONNAME = LinkingTeam1;
				TargetAttributes = {
					070A37D21C950B2A0021919E = {
						CreatedOnToolsVersion = 7.2.1;
					};
				};
			};
			buildConfigurationList = 070A37CE1C950B2A0021919E /* Build configuration list for PBXProject "TrainWithLinkingProject" */;
			compatibilityVersion = "Xcode 3.2";
			developmentRegion = English;
			hasScannedForEncodings = 0;
			knownRegions = (
				en,
				Base,
			);
			mainGroup = 070A37CA1C950B2A0021919E;
			productRefGroup = 070A37D41C950B2A0021919E /* Products */;
			projectDirPath = "";
			projectRoot = "";
			targets = (
				070A37D21C950B2A0021919E /* TrainWithLinkingProject */,
			);
		};
/* End PBXProject section */

/* Begin PBXResourcesBuildPhase section */
		070A37D11C950B2A0021919E /* Resources */ = {
			isa = PBXResourcesBuildPhase;
			buildActionMask = 2147483647;
			files = (
				070A37F41C9510080021919E /* Main.storyboard in Resources */,
				070A38141CA4C9280021919E /* Registration.storyboard in Resources */,
				070A37F61C9510240021919E /* LaunchScreen.storyboard in Resources */,
				070A38131CA4C9280021919E /* onBoarding.storyboard in Resources */,
			);
			runOnlyForDeploymentPostprocessing = 0;
		};
/* End PBXResourcesBuildPhase section */

/* Begin PBXSourcesBuildPhase section */
		070A37CF1C950B2A0021919E /* Sources */ = {
			isa = PBXSourcesBuildPhase;
			buildActionMask = 2147483647;
			files = (
				070A37FB1C95111A0021919E /* AppDelegate.swift in Sources */,
				070A38171CA4C9350021919E /* BWWalkthroughPageViewController.swift in Sources */,
				070A38201CA535BE0021919E /* RegisterCitizenViewController.swift in Sources */,
				070A38181CA4C9350021919E /* BWWalkthroughViewController.swift in Sources */,
				070A37F21C950FCF0021919E /* ViewController.swift in Sources */,
				070A37DF1C950B2A0021919E /* TrainWithLinkingProject.xcdatamodeld in Sources */,
				070A381C1CA4DD210021919E /* LeadRegistrationViewController.swift in Sources */,
				070A381A1CA4CD320021919E /* TurtorialViewController.swift in Sources */,
				070A381E1CA4E34D0021919E /* RegistrationPrefecture.swift in Sources */,
			);
			runOnlyForDeploymentPostprocessing = 0;
		};
/* End PBXSourcesBuildPhase section */

/* Begin XCBuildConfiguration section */
		070A37E61C950B2A0021919E /* Debug */ = {
			isa = XCBuildConfiguration;
			buildSettings = {
				ALWAYS_SEARCH_USER_PATHS = NO;
				CLANG_CXX_LANGUAGE_STANDARD = "gnu++0x";
				CLANG_CXX_LIBRARY = "libc++";
				CLANG_ENABLE_MODULES = YES;
				CLANG_ENABLE_OBJC_ARC = YES;
				CLANG_WARN_BOOL_CONVERSION = YES;
				CLANG_WARN_CONSTANT_CONVERSION = YES;
				CLANG_WARN_DIRECT_OBJC_ISA_USAGE = YES_ERROR;
				CLANG_WARN_EMPTY_BODY = YES;
				CLANG_WARN_ENUM_CONVERSION = YES;
				CLANG_WARN_INT_CONVERSION = YES;
				CLANG_WARN_OBJC_ROOT_CLASS = YES_ERROR;
				CLANG_WARN_UNREACHABLE_CODE = YES;
				CLANG_WARN__DUPLICATE_METHOD_MATCH = YES;
				"CODE_SIGN_IDENTITY[sdk=iphoneos*]" = "iPhone Developer";
				COPY_PHASE_STRIP = NO;
				DEBUG_INFORMATION_FORMAT = dwarf;
				ENABLE_STRICT_OBJC_MSGSEND = YES;
				ENABLE_TESTABILITY = YES;
				GCC_C_LANGUAGE_STANDARD = gnu99;
				GCC_DYNAMIC_NO_PIC = NO;
				GCC_NO_COMMON_BLOCKS = YES;
				GCC_OPTIMIZATION_LEVEL = 0;
				GCC_PREPROCESSOR_DEFINITIONS = (
					"DEBUG=1",
					"$(inherited)",
				);
				GCC_WARN_64_TO_32_BIT_CONVERSION = YES;
				GCC_WARN_ABOUT_RETURN_TYPE = YES_ERROR;
				GCC_WARN_UNDECLARED_SELECTOR = YES;
				GCC_WARN_UNINITIALIZED_AUTOS = YES_AGGRESSIVE;
				GCC_WARN_UNUSED_FUNCTION = YES;
				GCC_WARN_UNUSED_VARIABLE = YES;
				IPHONEOS_DEPLOYMENT_TARGET = 9.2;
				MTL_ENABLE_DEBUG_INFO = YES;
				ONLY_ACTIVE_ARCH = YES;
				SDKROOT = iphoneos;
				SWIFT_OBJC_BRIDGING_HEADER = "$(SRCROOT)/$(PROJECT)/Setting/TrainWithLinkingProject-Bridging-Header.h";
				SWIFT_OPTIMIZATION_LEVEL = "-Onone";
				TARGETED_DEVICE_FAMILY = "1,2";
			};
			name = Debug;
		};
		070A37E71C950B2A0021919E /* Release */ = {
			isa = XCBuildConfiguration;
			buildSettings = {
				ALWAYS_SEARCH_USER_PATHS = NO;
				CLANG_CXX_LANGUAGE_STANDARD = "gnu++0x";
				CLANG_CXX_LIBRARY = "libc++";
				CLANG_ENABLE_MODULES = YES;
				CLANG_ENABLE_OBJC_ARC = YES;
				CLANG_WARN_BOOL_CONVERSION = YES;
				CLANG_WARN_CONSTANT_CONVERSION = YES;
				CLANG_WARN_DIRECT_OBJC_ISA_USAGE = YES_ERROR;
				CLANG_WARN_EMPTY_BODY = YES;
				CLANG_WARN_ENUM_CONVERSION = YES;
				CLANG_WARN_INT_CONVERSION = YES;
				CLANG_WARN_OBJC_ROOT_CLASS = YES_ERROR;
				CLANG_WARN_UNREACHABLE_CODE = YES;
				CLANG_WARN__DUPLICATE_METHOD_MATCH = YES;
				"CODE_SIGN_IDENTITY[sdk=iphoneos*]" = "iPhone Developer";
				COPY_PHASE_STRIP = NO;
				DEBUG_INFORMATION_FORMAT = "dwarf-with-dsym";
				ENABLE_NS_ASSERTIONS = NO;
				ENABLE_STRICT_OBJC_MSGSEND = YES;
				GCC_C_LANGUAGE_STANDARD = gnu99;
				GCC_NO_COMMON_BLOCKS = YES;
				GCC_WARN_64_TO_32_BIT_CONVERSION = YES;
				GCC_WARN_ABOUT_RETURN_TYPE = YES_ERROR;
				GCC_WARN_UNDECLARED_SELECTOR = YES;
				GCC_WARN_UNINITIALIZED_AUTOS = YES_AGGRESSIVE;
				GCC_WARN_UNUSED_FUNCTION = YES;
				GCC_WARN_UNUSED_VARIABLE = YES;
				IPHONEOS_DEPLOYMENT_TARGET = 9.2;
				MTL_ENABLE_DEBUG_INFO = NO;
				SDKROOT = iphoneos;
				SWIFT_OBJC_BRIDGING_HEADER = "$(SRCROOT)/$(PROJECT)/Setting/TrainWithLinkingProject-Bridging-Header.h";
				TARGETED_DEVICE_FAMILY = "1,2";
				VALIDATE_PRODUCT = YES;
			};
			name = Release;
		};
		070A37E91C950B2A0021919E /* Debug */ = {
			isa = XCBuildConfiguration;
			buildSettings = {
				CODE_SIGN_IDENTITY = "iPhone Developer";
				ENABLE_BITCODE = NO;
				FRAMEWORK_SEARCH_PATHS = (
					"$(inherited)",
					"$(PROJECT_DIR)",
					"$(PROJECT_DIR)/TrainWithLinkingProject/Library",
				);
				INFOPLIST_FILE = TrainWithLinkingProject/Setting/Info.plist;
				LD_RUNPATH_SEARCH_PATHS = "$(inherited) @executable_path/Frameworks";
				PRODUCT_BUNDLE_IDENTIFIER = com.uu.MapApplication;
				PRODUCT_NAME = "$(TARGET_NAME)";
				PROVISIONING_PROFILE = "";
			};
			name = Debug;
		};
		070A37EA1C950B2A0021919E /* Release */ = {
			isa = XCBuildConfiguration;
			buildSettings = {
				CODE_SIGN_IDENTITY = "iPhone Developer";
				ENABLE_BITCODE = NO;
				FRAMEWORK_SEARCH_PATHS = (
					"$(inherited)",
					"$(PROJECT_DIR)",
					"$(PROJECT_DIR)/TrainWithLinkingProject/Library",
				);
				INFOPLIST_FILE = TrainWithLinkingProject/Setting/Info.plist;
				LD_RUNPATH_SEARCH_PATHS = "$(inherited) @executable_path/Frameworks";
				PRODUCT_BUNDLE_IDENTIFIER = com.uu.MapApplication;
				PRODUCT_NAME = "$(TARGET_NAME)";
				PROVISIONING_PROFILE = "";
			};
			name = Release;
		};
/* End XCBuildConfiguration section */

/* Begin XCConfigurationList section */
		070A37CE1C950B2A0021919E /* Build configuration list for PBXProject "TrainWithLinkingProject" */ = {
			isa = XCConfigurationList;
			buildConfigurations = (
				070A37E61C950B2A0021919E /* Debug */,
				070A37E71C950B2A0021919E /* Release */,
			);
			defaultConfigurationIsVisible = 0;
			defaultConfigurationName = Release;
		};
		070A37E81C950B2A0021919E /* Build configuration list for PBXNativeTarget "TrainWithLinkingProject" */ = {
			isa = XCConfigurationList;
			buildConfigurations = (
				070A37E91C950B2A0021919E /* Debug */,
				070A37EA1C950B2A0021919E /* Release */,
			);
			defaultConfigurationIsVisible = 0;
			defaultConfigurationName = Release;
		};
/* End XCConfigurationList section */

/* Begin XCVersionGroup section */
		070A37DD1C950B2A0021919E /* TrainWithLinkingProject.xcdatamodeld */ = {
			isa = XCVersionGroup;
			children = (
				070A37DE1C950B2A0021919E /* TrainWithLinkingProject.xcdatamodel */,
			);
			currentVersion = 070A37DE1C950B2A0021919E /* TrainWithLinkingProject.xcdatamodel */;
			path = TrainWithLinkingProject.xcdatamodeld;
			sourceTree = "<group>";
			versionGroupType = wrapper.xcdatamodel;
		};
/* End XCVersionGroup section */
	};
	rootObject = 070A37CB1C950B2A0021919E /* Project object */;
}
